
Microsoft Visual Studio Solution File, Format Version 12.00
# Visual Studio Version 16
VisualStudioVersion = 16.0.30804.86
MinimumVisualStudioVersion = 10.0.40219.1
Project("{FAE04EC0-301F-11D3-BF4B-00C04F79EFBC}") = "YiJian-PC", "YiJian-PC.csproj", "{50003097-DC16-440B-BAA5-6DCA17DB5577}"
EndProject
Global
	GlobalSection(SolutionConfigurationPlatforms) = preSolution
		Debug|Any CPU = Debug|Any CPU
		Release|Any CPU = Release|Any CPU
	EndGlobalSection
	GlobalSection(ProjectConfigurationPlatforms) = postSolution
		{50003097-DC16-440B-BAA5-6DCA17DB5577}.Debug|Any CPU.ActiveCfg = Debug|Any CPU
		{50003097-DC16-440B-BAA5-6DCA17DB5577}.Debug|Any CPU.Build.0 = Debug|Any CPU
		{50003097-DC16-440B-BAA5-6DCA17DB5577}.Release|Any CPU.ActiveCfg = Release|Any CPU
		{50003097-DC16-440B-BAA5-6DCA17DB5577}.Release|Any CPU.Build.0 = Release|Any CPU
	EndGlobalSection
	GlobalSection(SolutionProperties) = preSolution
		HideSolutionNode = FALSE
	EndGlobalSection
	GlobalSection(ExtensibilityGlobals) = postSolution
		SolutionGuid = {18C2137D-567A-4B1C-8E38-A0C888A805CC}
	EndGlobalSection
EndGlobal
